
Microsoft Visual Studio Solution File, Format Version 12.00
# Visual Studio 15
VisualStudioVersion = 15.0.26020.0
MinimumVisualStudioVersion = 10.0.40219.1
Project("{FAE04EC0-301F-11D3-BF4B-00C04F79EFBC}") = "LyricsDotNet", "LyricsDotNet\LyricsDotNet.csproj", "{4AEC9913-9511-4688-BB67-EFA4CBF9ED3D}"
EndProject
Global
	GlobalSection(SolutionConfigurationPlatforms) = preSolution
		Debug|Any CPU = Debug|Any CPU
		Release|Any CPU = Release|Any CPU
	EndGlobalSection
	GlobalSection(ProjectConfigurationPlatforms) = postSolution
		{4AEC9913-9511-4688-BB67-EFA4CBF9ED3D}.Debug|Any CPU.ActiveCfg = Debug|Any CPU
		{4AEC9913-9511-4688-BB67-EFA4CBF9ED3D}.Debug|Any CPU.Build.0 = Debug|Any CPU
		{4AEC9913-9511-4688-BB67-EFA4CBF9ED3D}.Release|Any CPU.ActiveCfg = Release|Any CPU
		{4AEC9913-9511-4688-BB67-EFA4CBF9ED3D}.Release|Any CPU.Build.0 = Release|Any CPU
	EndGlobalSection
	GlobalSection(SolutionProperties) = preSolution
		HideSolutionNode = FALSE
	EndGlobalSection
EndGlobal
